Microsoft Visual Studio Solution File, Format Version 12.00
# Visual Studio Version 17
VisualStudioVersion = 17.5.2.0
MinimumVisualStudioVersion = 10.0.40219.1
Project("{FAE04EC0-301F-11D3-BF4B-00C04F79EFBC}") = "Wow", "WowLogAnalyzer.csproj", "{EE71C585-0816-E1F5-984A-26DE36FCE779}"
EndProject
Global
	GlobalSection(SolutionConfigurationPlatforms) = preSolution
		Debug|Any CPU = Debug|Any CPU
		Release|Any CPU = Release|Any CPU
	EndGlobalSection
	GlobalSection(ProjectConfigurationPlatforms) = postSolution
		{EE71C585-0816-E1F5-984A-26DE36FCE779}.Debug|Any CPU.ActiveCfg = Debug|Any CPU
		{EE71C585-0816-E1F5-984A-26DE36FCE779}.Debug|Any CPU.Build.0 = Debug|Any CPU
		{EE71C585-0816-E1F5-984A-26DE36FCE779}.Release|Any CPU.ActiveCfg = Release|Any CPU
		{EE71C585-0816-E1F5-984A-26DE36FCE779}.Release|Any CPU.Build.0 = Release|Any CPU
	EndGlobalSection
	GlobalSection(SolutionProperties) = preSolution
		HideSolutionNode = FALSE
	EndGlobalSection
	GlobalSection(ExtensibilityGlobals) = postSolution
		SolutionGuid = {D9CA44CE-316D-4A5E-B5F6-EC3842207048}
	EndGlobalSection
EndGlobal
